
Microsoft Visual Studio Solution File, Format Version 12.00
# Visual Studio Version 17
VisualStudioVersion = 17.4.33213.308
MinimumVisualStudioVersion = 10.0.40219.1
Project("{FAE04EC0-301F-11D3-BF4B-00C04F79EFBC}") = "hidoc", "hidoc\hidoc.csproj", "{2D282513-F2EE-4616-9D97-A6CCF425BEE3}"
EndProject
Global
	GlobalSection(SolutionConfigurationPlatforms) = preSolution
		Debug|Any CPU = Debug|Any CPU
		Release|Any CPU = Release|Any CPU
	EndGlobalSection
	GlobalSection(ProjectConfigurationPlatforms) = postSolution
		{2D282513-F2EE-4616-9D97-A6CCF425BEE3}.Debug|Any CPU.ActiveCfg = Debug|Any CPU
		{2D282513-F2EE-4616-9D97-A6CCF425BEE3}.Debug|Any CPU.Build.0 = Debug|Any CPU
		{2D282513-F2EE-4616-9D97-A6CCF425BEE3}.Release|Any CPU.ActiveCfg = Release|Any CPU
		{2D282513-F2EE-4616-9D97-A6CCF425BEE3}.Release|Any CPU.Build.0 = Release|Any CPU
	EndGlobalSection
	GlobalSection(SolutionProperties) = preSolution
		HideSolutionNode = FALSE
	EndGlobalSection
	GlobalSection(ExtensibilityGlobals) = postSolution
		SolutionGuid = {09ED86D9-2520-4008-9B9B-B0CCBEE2B062}
	EndGlobalSection
EndGlobal
